// !$*UTF8*$!
{
	archiveVersion = 1;
	classes = {
	};
	objectVersion = 46;
	objects = {

/* Begin PBXBuildFile section */
		76F33C3F251686E600E251AE /* Logr.swift in Sources */ = {isa = PBXBuildFile; fileRef = 76F33C2D251686E600E251AE /* Logr.swift */; };
		76F33C40251686E600E251AE /* OSLogType.swift in Sources */ = {isa = PBXBuildFile; fileRef = 76F33C2F251686E600E251AE /* OSLogType.swift */; };
		76F33C41251686E600E251AE /* FileTargetConfig.swift in Sources */ = {isa = PBXBuildFile; fileRef = 76F33C32251686E600E251AE /* FileTargetConfig.swift */; };
		76F33C42251686E600E251AE /* FileTarget.swift in Sources */ = {isa = PBXBuildFile; fileRef = 76F33C33251686E600E251AE /* FileTarget.swift */; };
		76F33C43251686E600E251AE /* Target.swift in Sources */ = {isa = PBXBuildFile; fileRef = 76F33C34251686E600E251AE /* Target.swift */; };
		76F33C44251686E600E251AE /* TimeSpan.swift in Sources */ = {isa = PBXBuildFile; fileRef = 76F33C35251686E600E251AE /* TimeSpan.swift */; };
		76F33C45251686E600E251AE /* Style.swift in Sources */ = {isa = PBXBuildFile; fileRef = 76F33C36251686E600E251AE /* Style.swift */; };
		76F33C46251686E600E251AE /* ConsoleTargetConfig.swift in Sources */ = {isa = PBXBuildFile; fileRef = 76F33C38251686E600E251AE /* ConsoleTargetConfig.swift */; };
		76F33C47251686E600E251AE /* ConsoleTarget.swift in Sources */ = {isa = PBXBuildFile; fileRef = 76F33C39251686E600E251AE /* ConsoleTarget.swift */; };
		76F33C48251686E600E251AE /* Message.swift in Sources */ = {isa = PBXBuildFile; fileRef = 76F33C3A251686E600E251AE /* Message.swift */; };
		76F33C49251686E600E251AE /* Config.swift in Sources */ = {isa = PBXBuildFile; fileRef = 76F33C3B251686E600E251AE /* Config.swift */; };
		76F33C4A251686E600E251AE /* MetaInfo.swift in Sources */ = {isa = PBXBuildFile; fileRef = 76F33C3C251686E600E251AE /* MetaInfo.swift */; };
		76F33C4B251686E600E251AE /* LogLevel.swift in Sources */ = {isa = PBXBuildFile; fileRef = 76F33C3D251686E600E251AE /* LogLevel.swift */; };
		76F33C4C251686E600E251AE /* LogrService.swift in Sources */ = {isa = PBXBuildFile; fileRef = 76F33C3E251686E600E251AE /* LogrService.swift */; };
		76F33C7B2516872000E251AE /* ConfigTests.swift in Sources */ = {isa = PBXBuildFile; fileRef = 76F33C6E2516871F00E251AE /* ConfigTests.swift */; };
		76F33C7C2516872000E251AE /* OsLogTypeTests.swift in Sources */ = {isa = PBXBuildFile; fileRef = 76F33C702516871F00E251AE /* OsLogTypeTests.swift */; };
		76F33C7D2516872000E251AE /* TargetMock.swift in Sources */ = {isa = PBXBuildFile; fileRef = 76F33C722516871F00E251AE /* TargetMock.swift */; };
		76F33C7E2516872000E251AE /* LogrServiceMock.swift in Sources */ = {isa = PBXBuildFile; fileRef = 76F33C732516871F00E251AE /* LogrServiceMock.swift */; };
		76F33C7F2516872000E251AE /* ConsoleTargetTests.swift in Sources */ = {isa = PBXBuildFile; fileRef = 76F33C752516871F00E251AE /* ConsoleTargetTests.swift */; };
		76F33C802516872000E251AE /* FileTargetTests.swift in Sources */ = {isa = PBXBuildFile; fileRef = 76F33C762516871F00E251AE /* FileTargetTests.swift */; };
		76F33C812516872000E251AE /* LogrServiceTests.swift in Sources */ = {isa = PBXBuildFile; fileRef = 76F33C772516872000E251AE /* LogrServiceTests.swift */; };
		76F33C822516872000E251AE /* LogrTests.swift in Sources */ = {isa = PBXBuildFile; fileRef = 76F33C782516872000E251AE /* LogrTests.swift */; };
		76F33C832516872000E251AE /* LogLevelTests.swift in Sources */ = {isa = PBXBuildFile; fileRef = 76F33C792516872000E251AE /* LogLevelTests.swift */; };
		76F33C842516872000E251AE /* MessageTests.swift in Sources */ = {isa = PBXBuildFile; fileRef = 76F33C7A2516872000E251AE /* MessageTests.swift */; };
		OBJ_106 /* Logr.framework in Frameworks */ = {isa = PBXBuildFile; fileRef = "Logr::Logr::Product" /* Logr.framework */; };
/* End PBXBuildFile section */

/* Begin PBXContainerItemProxy section */
		F6FFAFFA23E36346009C6661 /* PBXContainerItemProxy */ = {
			isa = PBXContainerItemProxy;
			containerPortal = OBJ_1 /* Project object */;
			proxyType = 1;
			remoteGlobalIDString = "Logr::Logr";
			remoteInfo = Logr;
		};
/* End PBXContainerItemProxy section */

/* Begin PBXFileReference section */
		76F33C2D251686E600E251AE /* Logr.swift */ = {isa = PBXFileReference; fileEncoding = 4; lastKnownFileType = sourcecode.swift; path = Logr.swift; sourceTree = "<group>"; };
		76F33C2F251686E600E251AE /* OSLogType.swift */ = {isa = PBXFileReference; fileEncoding = 4; lastKnownFileType = sourcecode.swift; path = OSLogType.swift; sourceTree = "<group>"; };
		76F33C32251686E600E251AE /* FileTargetConfig.swift */ = {isa = PBXFileReference; fileEncoding = 4; lastKnownFileType = sourcecode.swift; path = FileTargetConfig.swift; sourceTree = "<group>"; };
		76F33C33251686E600E251AE /* FileTarget.swift */ = {isa = PBXFileReference; fileEncoding = 4; lastKnownFileType = sourcecode.swift; path = FileTarget.swift; sourceTree = "<group>"; };
		76F33C34251686E600E251AE /* Target.swift */ = {isa = PBXFileReference; fileEncoding = 4; lastKnownFileType = sourcecode.swift; path = Target.swift; sourceTree = "<group>"; };
		76F33C35251686E600E251AE /* TimeSpan.swift */ = {isa = PBXFileReference; fileEncoding = 4; lastKnownFileType = sourcecode.swift; path = TimeSpan.swift; sourceTree = "<group>"; };
		76F33C36251686E600E251AE /* Style.swift */ = {isa = PBXFileReference; fileEncoding = 4; lastKnownFileType = sourcecode.swift; path = Style.swift; sourceTree = "<group>"; };
		76F33C38251686E600E251AE /* ConsoleTargetConfig.swift */ = {isa = PBXFileReference; fileEncoding = 4; lastKnownFileType = sourcecode.swift; path = ConsoleTargetConfig.swift; sourceTree = "<group>"; };
		76F33C39251686E600E251AE /* ConsoleTarget.swift */ = {isa = PBXFileReference; fileEncoding = 4; lastKnownFileType = sourcecode.swift; path = ConsoleTarget.swift; sourceTree = "<group>"; };
		76F33C3A251686E600E251AE /* Message.swift */ = {isa = PBXFileReference; fileEncoding = 4; lastKnownFileType = sourcecode.swift; path = Message.swift; sourceTree = "<group>"; };
		76F33C3B251686E600E251AE /* Config.swift */ = {isa = PBXFileReference; fileEncoding = 4; lastKnownFileType = sourcecode.swift; path = Config.swift; sourceTree = "<group>"; };
		76F33C3C251686E600E251AE /* MetaInfo.swift */ = {isa = PBXFileReference; fileEncoding = 4; lastKnownFileType = sourcecode.swift; path = MetaInfo.swift; sourceTree = "<group>"; };
		76F33C3D251686E600E251AE /* LogLevel.swift */ = {isa = PBXFileReference; fileEncoding = 4; lastKnownFileType = sourcecode.swift; path = LogLevel.swift; sourceTree = "<group>"; };
		76F33C3E251686E600E251AE /* LogrService.swift */ = {isa = PBXFileReference; fileEncoding = 4; lastKnownFileType = sourcecode.swift; path = LogrService.swift; sourceTree = "<group>"; };
		76F33C6E2516871F00E251AE /* ConfigTests.swift */ = {isa = PBXFileReference; fileEncoding = 4; lastKnownFileType = sourcecode.swift; path = ConfigTests.swift; sourceTree = "<group>"; };
		76F33C702516871F00E251AE /* OsLogTypeTests.swift */ = {isa = PBXFileReference; fileEncoding = 4; lastKnownFileType = sourcecode.swift; path = OsLogTypeTests.swift; sourceTree = "<group>"; };
		76F33C722516871F00E251AE /* TargetMock.swift */ = {isa = PBXFileReference; fileEncoding = 4; lastKnownFileType = sourcecode.swift; path = TargetMock.swift; sourceTree = "<group>"; };
		76F33C732516871F00E251AE /* LogrServiceMock.swift */ = {isa = PBXFileReference; fileEncoding = 4; lastKnownFileType = sourcecode.swift; path = LogrServiceMock.swift; sourceTree = "<group>"; };
		76F33C752516871F00E251AE /* ConsoleTargetTests.swift */ = {isa = PBXFileReference; fileEncoding = 4; lastKnownFileType = sourcecode.swift; path = ConsoleTargetTests.swift; sourceTree = "<group>"; };
		76F33C762516871F00E251AE /* FileTargetTests.swift */ = {isa = PBXFileReference; fileEncoding = 4; lastKnownFileType = sourcecode.swift; path = FileTargetTests.swift; sourceTree = "<group>"; };
		76F33C772516872000E251AE /* LogrServiceTests.swift */ = {isa = PBXFileReference; fileEncoding = 4; lastKnownFileType = sourcecode.swift; path = LogrServiceTests.swift; sourceTree = "<group>"; };
		76F33C782516872000E251AE /* LogrTests.swift */ = {isa = PBXFileReference; fileEncoding = 4; lastKnownFileType = sourcecode.swift; path = LogrTests.swift; sourceTree = "<group>"; };
		76F33C792516872000E251AE /* LogLevelTests.swift */ = {isa = PBXFileReference; fileEncoding = 4; lastKnownFileType = sourcecode.swift; path = LogLevelTests.swift; sourceTree = "<group>"; };
		76F33C7A2516872000E251AE /* MessageTests.swift */ = {isa = PBXFileReference; fileEncoding = 4; lastKnownFileType = sourcecode.swift; path = MessageTests.swift; sourceTree = "<group>"; };
		"Logr::Logr::Product" /* Logr.framework */ = {isa = PBXFileReference; explicitFileType = wrapper.framework; path = Logr.framework; sourceTree = BUILT_PRODUCTS_DIR; };
		"Logr::LogrTests::Product" /* LogrTests.xctest */ = {isa = PBXFileReference; explicitFileType = wrapper.cfbundle; path = LogrTests.xctest; sourceTree = BUILT_PRODUCTS_DIR; };
		OBJ_56 /* Demo */ = {isa = PBXFileReference; lastKnownFileType = folder; path = Demo; sourceTree = SOURCE_ROOT; };
		OBJ_57 /* docs */ = {isa = PBXFileReference; lastKnownFileType = folder; path = docs; sourceTree = SOURCE_ROOT; };
		OBJ_6 /* Package.swift */ = {isa = PBXFileReference; explicitFileType = sourcecode.swift; path = Package.swift; sourceTree = "<group>"; };
/* End PBXFileReference section */

/* Begin PBXFrameworksBuildPhase section */
		OBJ_105 /* Frameworks */ = {
			isa = PBXFrameworksBuildPhase;
			buildActionMask = 0;
			files = (
				OBJ_106 /* Logr.framework in Frameworks */,
			);
			runOnlyForDeploymentPostprocessing = 0;
		};
		OBJ_77 /* Frameworks */ = {
			isa = PBXFrameworksBuildPhase;
			buildActionMask = 0;
			files = (
			);
			runOnlyForDeploymentPostprocessing = 0;
		};
/* End PBXFrameworksBuildPhase section */

/* Begin PBXGroup section */
		76F33C2C251686E600E251AE /* Logr */ = {
			isa = PBXGroup;
			children = (
				76F33C2D251686E600E251AE /* Logr.swift */,
				76F33C2E251686E600E251AE /* Extension */,
				76F33C30251686E600E251AE /* Target */,
				76F33C3A251686E600E251AE /* Message.swift */,
				76F33C3B251686E600E251AE /* Config.swift */,
				76F33C3C251686E600E251AE /* MetaInfo.swift */,
				76F33C3D251686E600E251AE /* LogLevel.swift */,
				76F33C3E251686E600E251AE /* LogrService.swift */,
			);
			path = Logr;
			sourceTree = "<group>";
		};
		76F33C2E251686E600E251AE /* Extension */ = {
			isa = PBXGroup;
			children = (
				76F33C2F251686E600E251AE /* OSLogType.swift */,
			);
			path = Extension;
			sourceTree = "<group>";
		};
		76F33C30251686E600E251AE /* Target */ = {
			isa = PBXGroup;
			children = (
				76F33C31251686E600E251AE /* File */,
				76F33C34251686E600E251AE /* Target.swift */,
				76F33C35251686E600E251AE /* TimeSpan.swift */,
				76F33C36251686E600E251AE /* Style.swift */,
				76F33C37251686E600E251AE /* Console */,
			);
			path = Target;
			sourceTree = "<group>";
		};
		76F33C31251686E600E251AE /* File */ = {
			isa = PBXGroup;
			children = (
				76F33C32251686E600E251AE /* FileTargetConfig.swift */,
				76F33C33251686E600E251AE /* FileTarget.swift */,
			);
			path = File;
			sourceTree = "<group>";
		};
		76F33C37251686E600E251AE /* Console */ = {
			isa = PBXGroup;
			children = (
				76F33C38251686E600E251AE /* ConsoleTargetConfig.swift */,
				76F33C39251686E600E251AE /* ConsoleTarget.swift */,
			);
			path = Console;
			sourceTree = "<group>";
		};
		76F33C6D2516871F00E251AE /* LogrTests */ = {
			isa = PBXGroup;
			children = (
				76F33C6E2516871F00E251AE /* ConfigTests.swift */,
				76F33C6F2516871F00E251AE /* Extension */,
				76F33C712516871F00E251AE /* Util */,
				76F33C742516871F00E251AE /* Target */,
				76F33C772516872000E251AE /* LogrServiceTests.swift */,
				76F33C782516872000E251AE /* LogrTests.swift */,
				76F33C792516872000E251AE /* LogLevelTests.swift */,
				76F33C7A2516872000E251AE /* MessageTests.swift */,
			);
			path = LogrTests;
			sourceTree = "<group>";
		};
		76F33C6F2516871F00E251AE /* Extension */ = {
			isa = PBXGroup;
			children = (
				76F33C702516871F00E251AE /* OsLogTypeTests.swift */,
			);
			path = Extension;
			sourceTree = "<group>";
		};
		76F33C712516871F00E251AE /* Util */ = {
			isa = PBXGroup;
			children = (
				76F33C722516871F00E251AE /* TargetMock.swift */,
				76F33C732516871F00E251AE /* LogrServiceMock.swift */,
			);
			path = Util;
			sourceTree = "<group>";
		};
		76F33C742516871F00E251AE /* Target */ = {
			isa = PBXGroup;
			children = (
				76F33C752516871F00E251AE /* ConsoleTargetTests.swift */,
				76F33C762516871F00E251AE /* FileTargetTests.swift */,
			);
			path = Target;
			sourceTree = "<group>";
		};
		OBJ_21 /* Tests */ = {
			isa = PBXGroup;
			children = (
				76F33C6D2516871F00E251AE /* LogrTests */,
			);
			path = Tests;
			sourceTree = "<group>";
		};
		OBJ_36 /* Sources */ = {
			isa = PBXGroup;
			children = (
				76F33C2C251686E600E251AE /* Logr */,
			);
			path = Sources;
			sourceTree = "<group>";
		};
		OBJ_5 = {
			isa = PBXGroup;
			children = (
				OBJ_6 /* Package.swift */,
				OBJ_36 /* Sources */,
				OBJ_21 /* Tests */,
				OBJ_53 /* Products */,
				OBJ_56 /* Demo */,
				OBJ_57 /* docs */,
			);
			sourceTree = "<group>";
		};
		OBJ_53 /* Products */ = {
			isa = PBXGroup;
			children = (
				"Logr::LogrTests::Product" /* LogrTests.xctest */,
				"Logr::Logr::Product" /* Logr.framework */,
			);
			name = Products;
			sourceTree = BUILT_PRODUCTS_DIR;
		};
/* End PBXGroup section */

/* Begin PBXNativeTarget section */
		"Logr::Logr" /* Logr */ = {
			isa = PBXNativeTarget;
			buildConfigurationList = OBJ_59 /* Build configuration list for PBXNativeTarget "Logr" */;
			buildPhases = (
				OBJ_62 /* Sources */,
				OBJ_77 /* Frameworks */,
			);
			buildRules = (
			);
			dependencies = (
			);
			name = Logr;
			productName = Logr;
			productReference = "Logr::Logr::Product" /* Logr.framework */;
			productType = "com.apple.product-type.framework";
		};
		"Logr::LogrTests" /* LogrTests */ = {
			isa = PBXNativeTarget;
			buildConfigurationList = OBJ_90 /* Build configuration list for PBXNativeTarget "LogrTests" */;
			buildPhases = (
				OBJ_93 /* Sources */,
				OBJ_105 /* Frameworks */,
			);
			buildRules = (
			);
			dependencies = (
				OBJ_107 /* PBXTargetDependency */,
			);
			name = LogrTests;
			productName = LogrTests;
			productReference = "Logr::LogrTests::Product" /* LogrTests.xctest */;
			productType = "com.apple.product-type.bundle.unit-test";
		};
/* End PBXNativeTarget section */

/* Begin PBXProject section */
		OBJ_1 /* Project object */ = {
			isa = PBXProject;
			attributes = {
				LastSwiftMigration = 9999;
				LastUpgradeCheck = 9999;
			};
			buildConfigurationList = OBJ_2 /* Build configuration list for PBXProject "Logr" */;
			compatibilityVersion = "Xcode 3.2";
			developmentRegion = en;
			hasScannedForEncodings = 0;
			knownRegions = (
				en,
			);
			mainGroup = OBJ_5;
			productRefGroup = OBJ_53 /* Products */;
			projectDirPath = "";
			projectRoot = "";
			targets = (
				"Logr::Logr" /* Logr */,
				"Logr::LogrTests" /* LogrTests */,
			);
		};
/* End PBXProject section */

/* Begin PBXSourcesBuildPhase section */
		OBJ_62 /* Sources */ = {
			isa = PBXSourcesBuildPhase;
			buildActionMask = 0;
			files = (
				76F33C4A251686E600E251AE /* MetaInfo.swift in Sources */,
				76F33C40251686E600E251AE /* OSLogType.swift in Sources */,
				76F33C41251686E600E251AE /* FileTargetConfig.swift in Sources */,
				76F33C42251686E600E251AE /* FileTarget.swift in Sources */,
				76F33C3F251686E600E251AE /* Logr.swift in Sources */,
				76F33C49251686E600E251AE /* Config.swift in Sources */,
				76F33C4B251686E600E251AE /* LogLevel.swift in Sources */,
				76F33C46251686E600E251AE /* ConsoleTargetConfig.swift in Sources */,
				76F33C44251686E600E251AE /* TimeSpan.swift in Sources */,
				76F33C45251686E600E251AE /* Style.swift in Sources */,
				76F33C48251686E600E251AE /* Message.swift in Sources */,
				76F33C4C251686E600E251AE /* LogrService.swift in Sources */,
				76F33C47251686E600E251AE /* ConsoleTarget.swift in Sources */,
				76F33C43251686E600E251AE /* Target.swift in Sources */,
			);
			runOnlyForDeploymentPostprocessing = 0;
		};
		OBJ_93 /* Sources */ = {
			isa = PBXSourcesBuildPhase;
			buildActionMask = 0;
			files = (
				76F33C802516872000E251AE /* FileTargetTests.swift in Sources */,
				76F33C822516872000E251AE /* LogrTests.swift in Sources */,
				76F33C832516872000E251AE /* LogLevelTests.swift in Sources */,
				76F33C7C2516872000E251AE /* OsLogTypeTests.swift in Sources */,
				76F33C7B2516872000E251AE /* ConfigTests.swift in Sources */,
				76F33C7F2516872000E251AE /* ConsoleTargetTests.swift in Sources */,
				76F33C7D2516872000E251AE /* TargetMock.swift in Sources */,
				76F33C7E2516872000E251AE /* LogrServiceMock.swift in Sources */,
				76F33C812516872000E251AE /* LogrServiceTests.swift in Sources */,
				76F33C842516872000E251AE /* MessageTests.swift in Sources */,
			);
			runOnlyForDeploymentPostprocessing = 0;
		};
/* End PBXSourcesBuildPhase section */

/* Begin PBXTargetDependency section */
		OBJ_107 /* PBXTargetDependency */ = {
			isa = PBXTargetDependency;
			target = "Logr::Logr" /* Logr */;
			targetProxy = F6FFAFFA23E36346009C6661 /* PBXContainerItemProxy */;
		};
/* End PBXTargetDependency section */

/* Begin XCBuildConfiguration section */
		OBJ_3 /* Debug */ = {
			isa = XCBuildConfiguration;
			buildSettings = {
				CLANG_ENABLE_OBJC_ARC = YES;
				COMBINE_HIDPI_IMAGES = YES;
				COPY_PHASE_STRIP = NO;
				DEBUG_INFORMATION_FORMAT = dwarf;
				DYLIB_INSTALL_NAME_BASE = "@rpath";
				ENABLE_NS_ASSERTIONS = YES;
				GCC_OPTIMIZATION_LEVEL = 0;
				GCC_PREPROCESSOR_DEFINITIONS = (
					"$(inherited)",
					"SWIFT_PACKAGE=1",
					"DEBUG=1",
				);
				IPHONEOS_DEPLOYMENT_TARGET = 9.0;
				MACOSX_DEPLOYMENT_TARGET = 10.14;
				ONLY_ACTIVE_ARCH = YES;
				OTHER_SWIFT_FLAGS = "$(inherited) -DXcode";
				PRODUCT_NAME = "$(TARGET_NAME)";
				SDKROOT = macosx;
				SUPPORTED_PLATFORMS = "macosx iphoneos iphonesimulator appletvos appletvsimulator watchos watchsimulator";
				SWIFT_ACTIVE_COMPILATION_CONDITIONS = "$(inherited) SWIFT_PACKAGE DEBUG";
				SWIFT_OPTIMIZATION_LEVEL = "-Onone";
				TVOS_DEPLOYMENT_TARGET = 9.0;
				USE_HEADERMAP = NO;
				WATCHOS_DEPLOYMENT_TARGET = 3.0;
			};
			name = Debug;
		};
		OBJ_4 /* Release */ = {
			isa = XCBuildConfiguration;
			buildSettings = {
				CLANG_ENABLE_OBJC_ARC = YES;
				COMBINE_HIDPI_IMAGES = YES;
				COPY_PHASE_STRIP = YES;
				DEBUG_INFORMATION_FORMAT = "dwarf-with-dsym";
				DYLIB_INSTALL_NAME_BASE = "@rpath";
				GCC_OPTIMIZATION_LEVEL = s;
				GCC_PREPROCESSOR_DEFINITIONS = (
					"$(inherited)",
					"SWIFT_PACKAGE=1",
				);
				IPHONEOS_DEPLOYMENT_TARGET = 9.0;
				MACOSX_DEPLOYMENT_TARGET = 10.14;
				OTHER_SWIFT_FLAGS = "$(inherited) -DXcode";
				PRODUCT_NAME = "$(TARGET_NAME)";
				SDKROOT = macosx;
				SUPPORTED_PLATFORMS = "macosx iphoneos iphonesimulator appletvos appletvsimulator watchos watchsimulator";
				SWIFT_ACTIVE_COMPILATION_CONDITIONS = "$(inherited) SWIFT_PACKAGE";
				SWIFT_OPTIMIZATION_LEVEL = "-Owholemodule";
				TVOS_DEPLOYMENT_TARGET = 9.0;
				USE_HEADERMAP = NO;
				WATCHOS_DEPLOYMENT_TARGET = 3.0;
			};
			name = Release;
		};
		OBJ_60 /* Debug */ = {
			isa = XCBuildConfiguration;
			buildSettings = {
				ENABLE_TESTABILITY = YES;
				FRAMEWORK_SEARCH_PATHS = (
					"$(inherited)",
					"$(PLATFORM_DIR)/Developer/Library/Frameworks",
				);
				HEADER_SEARCH_PATHS = "$(inherited)";
				INFOPLIST_FILE = Logr.xcodeproj/Logr_Info.plist;
				IPHONEOS_DEPLOYMENT_TARGET = 9.0;
				LD_RUNPATH_SEARCH_PATHS = "$(inherited) $(TOOLCHAIN_DIR)/usr/lib/swift/macosx";
				MACOSX_DEPLOYMENT_TARGET = 10.14;
				MARKETING_VERSION = 0.7.0;
				OTHER_CFLAGS = "$(inherited)";
				OTHER_LDFLAGS = "$(inherited)";
				OTHER_SWIFT_FLAGS = "$(inherited)";
				PRODUCT_BUNDLE_IDENTIFIER = Logr;
				PRODUCT_MODULE_NAME = "$(TARGET_NAME:c99extidentifier)";
				PRODUCT_NAME = "$(TARGET_NAME:c99extidentifier)";
				SKIP_INSTALL = YES;
				SWIFT_ACTIVE_COMPILATION_CONDITIONS = "$(inherited)";
				SWIFT_VERSION = 5.0;
				TARGET_NAME = Logr;
				TVOS_DEPLOYMENT_TARGET = 9.0;
				WATCHOS_DEPLOYMENT_TARGET = 3.0;
			};
			name = Debug;
		};
		OBJ_61 /* Release */ = {
			isa = XCBuildConfiguration;
			buildSettings = {
				ENABLE_TESTABILITY = YES;
				FRAMEWORK_SEARCH_PATHS = (
					"$(inherited)",
					"$(PLATFORM_DIR)/Developer/Library/Frameworks",
				);
				HEADER_SEARCH_PATHS = "$(inherited)";
				INFOPLIST_FILE = Logr.xcodeproj/Logr_Info.plist;
				IPHONEOS_DEPLOYMENT_TARGET = 9.0;
				LD_RUNPATH_SEARCH_PATHS = "$(inherited) $(TOOLCHAIN_DIR)/usr/lib/swift/macosx";
				MACOSX_DEPLOYMENT_TARGET = 10.14;
				MARKETING_VERSION = 0.7.0;
				OTHER_CFLAGS = "$(inherited)";
				OTHER_LDFLAGS = "$(inherited)";
				OTHER_SWIFT_FLAGS = "$(inherited)";
				PRODUCT_BUNDLE_IDENTIFIER = Logr;
				PRODUCT_MODULE_NAME = "$(TARGET_NAME:c99extidentifier)";
				PRODUCT_NAME = "$(TARGET_NAME:c99extidentifier)";
				SKIP_INSTALL = YES;
				SWIFT_ACTIVE_COMPILATION_CONDITIONS = "$(inherited)";
				SWIFT_VERSION = 5.0;
				TARGET_NAME = Logr;
				TVOS_DEPLOYMENT_TARGET = 9.0;
				WATCHOS_DEPLOYMENT_TARGET = 3.0;
			};
			name = Release;
		};
		OBJ_91 /* Debug */ = {
			isa = XCBuildConfiguration;
			buildSettings = {
				ALWAYS_EMBED_SWIFT_STANDARD_LIBRARIES = YES;
				CLANG_ENABLE_MODULES = YES;
				EMBEDDED_CONTENT_CONTAINS_SWIFT = YES;
				FRAMEWORK_SEARCH_PATHS = (
					"$(inherited)",
					"$(PLATFORM_DIR)/Developer/Library/Frameworks",
				);
				HEADER_SEARCH_PATHS = "$(inherited)";
				INFOPLIST_FILE = Logr.xcodeproj/LogrTests_Info.plist;
				IPHONEOS_DEPLOYMENT_TARGET = 9.0;
				LD_RUNPATH_SEARCH_PATHS = "$(inherited) @loader_path/../Frameworks @loader_path/Frameworks";
				MACOSX_DEPLOYMENT_TARGET = 10.14;
				OTHER_CFLAGS = "$(inherited)";
				OTHER_LDFLAGS = "$(inherited)";
				OTHER_SWIFT_FLAGS = "$(inherited)";
				SWIFT_ACTIVE_COMPILATION_CONDITIONS = "$(inherited)";
				SWIFT_VERSION = 5.0;
				TARGET_NAME = LogrTests;
				TVOS_DEPLOYMENT_TARGET = 9.0;
				WATCHOS_DEPLOYMENT_TARGET = 2.0;
			};
			name = Debug;
		};
		OBJ_92 /* Release */ = {
			isa = XCBuildConfiguration;
			buildSettings = {
				ALWAYS_EMBED_SWIFT_STANDARD_LIBRARIES = YES;
				CLANG_ENABLE_MODULES = YES;
				EMBEDDED_CONTENT_CONTAINS_SWIFT = YES;
				FRAMEWORK_SEARCH_PATHS = (
					"$(inherited)",
					"$(PLATFORM_DIR)/Developer/Library/Frameworks",
				);
				HEADER_SEARCH_PATHS = "$(inherited)";
				INFOPLIST_FILE = Logr.xcodeproj/LogrTests_Info.plist;
				IPHONEOS_DEPLOYMENT_TARGET = 9.0;
				LD_RUNPATH_SEARCH_PATHS = "$(inherited) @loader_path/../Frameworks @loader_path/Frameworks";
				MACOSX_DEPLOYMENT_TARGET = 10.14;
				OTHER_CFLAGS = "$(inherited)";
				OTHER_LDFLAGS = "$(inherited)";
				OTHER_SWIFT_FLAGS = "$(inherited)";
				SWIFT_ACTIVE_COMPILATION_CONDITIONS = "$(inherited)";
				SWIFT_VERSION = 5.0;
				TARGET_NAME = LogrTests;
				TVOS_DEPLOYMENT_TARGET = 9.0;
				WATCHOS_DEPLOYMENT_TARGET = 2.0;
			};
			name = Release;
		};
/* End XCBuildConfiguration section */

/* Begin XCConfigurationList section */
		OBJ_2 /* Build configuration list for PBXProject "Logr" */ = {
			isa = XCConfigurationList;
			buildConfigurations = (
				OBJ_3 /* Debug */,
				OBJ_4 /* Release */,
			);
			defaultConfigurationIsVisible = 0;
			defaultConfigurationName = Release;
		};
		OBJ_59 /* Build configuration list for PBXNativeTarget "Logr" */ = {
			isa = XCConfigurationList;
			buildConfigurations = (
				OBJ_60 /* Debug */,
				OBJ_61 /* Release */,
			);
			defaultConfigurationIsVisible = 0;
			defaultConfigurationName = Release;
		};
		OBJ_90 /* Build configuration list for PBXNativeTarget "LogrTests" */ = {
			isa = XCConfigurationList;
			buildConfigurations = (
				OBJ_91 /* Debug */,
				OBJ_92 /* Release */,
			);
			defaultConfigurationIsVisible = 0;
			defaultConfigurationName = Release;
		};
/* End XCConfigurationList section */
	};
	rootObject = OBJ_1 /* Project object */;
}
