// !$*UTF8*$!
{
	archiveVersion = 1;
	classes = {
	};
	objectVersion = 46;
	objects = {

/* Begin PBXAggregateTarget section */
		"Logr::LogrPackageTests::ProductTarget" /* LogrPackageTests */ = {
			isa = PBXAggregateTarget;
			buildConfigurationList = OBJ_85 /* Build configuration list for PBXAggregateTarget "LogrPackageTests" */;
			buildPhases = (
			);
			dependencies = (
				OBJ_88 /* PBXTargetDependency */,
			);
			name = LogrPackageTests;
			productName = LogrPackageTests;
		};
/* End PBXAggregateTarget section */

/* Begin PBXBuildFile section */
		OBJ_100 /* ConsoleTargetTests.swift in Sources */ = {isa = PBXBuildFile; fileRef = OBJ_30 /* ConsoleTargetTests.swift */; };
		OBJ_102 /* FileTargetTests.swift in Sources */ = {isa = PBXBuildFile; fileRef = OBJ_32 /* FileTargetTests.swift */; };
		OBJ_103 /* LogrServiceMock.swift in Sources */ = {isa = PBXBuildFile; fileRef = OBJ_34 /* LogrServiceMock.swift */; };
		OBJ_104 /* TargetMock.swift in Sources */ = {isa = PBXBuildFile; fileRef = OBJ_35 /* TargetMock.swift */; };
		OBJ_106 /* Logr.framework in Frameworks */ = {isa = PBXBuildFile; fileRef = "Logr::Logr::Product" /* Logr.framework */; };
		OBJ_63 /* Config.swift in Sources */ = {isa = PBXBuildFile; fileRef = OBJ_37 /* Config.swift */; };
		OBJ_64 /* OSLogType.swift in Sources */ = {isa = PBXBuildFile; fileRef = OBJ_39 /* OSLogType.swift */; };
		OBJ_65 /* LogLevel.swift in Sources */ = {isa = PBXBuildFile; fileRef = OBJ_40 /* LogLevel.swift */; };
		OBJ_66 /* Logr.swift in Sources */ = {isa = PBXBuildFile; fileRef = OBJ_41 /* Logr.swift */; };
		OBJ_67 /* LogrService.swift in Sources */ = {isa = PBXBuildFile; fileRef = OBJ_42 /* LogrService.swift */; };
		OBJ_68 /* Message.swift in Sources */ = {isa = PBXBuildFile; fileRef = OBJ_43 /* Message.swift */; };
		OBJ_69 /* MetaInfo.swift in Sources */ = {isa = PBXBuildFile; fileRef = OBJ_44 /* MetaInfo.swift */; };
		OBJ_70 /* ConsoleTarget.swift in Sources */ = {isa = PBXBuildFile; fileRef = OBJ_46 /* ConsoleTarget.swift */; };
		OBJ_71 /* ConsoleTargetConfig.swift in Sources */ = {isa = PBXBuildFile; fileRef = OBJ_47 /* ConsoleTargetConfig.swift */; };
		OBJ_72 /* FileTarget.swift in Sources */ = {isa = PBXBuildFile; fileRef = OBJ_48 /* FileTarget.swift */; };
		OBJ_73 /* FileTargetConfig.swift in Sources */ = {isa = PBXBuildFile; fileRef = OBJ_49 /* FileTargetConfig.swift */; };
		OBJ_74 /* Style.swift in Sources */ = {isa = PBXBuildFile; fileRef = OBJ_50 /* Style.swift */; };
		OBJ_75 /* Target.swift in Sources */ = {isa = PBXBuildFile; fileRef = OBJ_51 /* Target.swift */; };
		OBJ_76 /* TimeSpan.swift in Sources */ = {isa = PBXBuildFile; fileRef = OBJ_52 /* TimeSpan.swift */; };
		OBJ_83 /* Package.swift in Sources */ = {isa = PBXBuildFile; fileRef = OBJ_6 /* Package.swift */; };
		OBJ_94 /* ConfigTests.swift in Sources */ = {isa = PBXBuildFile; fileRef = OBJ_22 /* ConfigTests.swift */; };
		OBJ_95 /* OsLogTypeTests.swift in Sources */ = {isa = PBXBuildFile; fileRef = OBJ_24 /* OsLogTypeTests.swift */; };
		OBJ_96 /* LogLevelTests.swift in Sources */ = {isa = PBXBuildFile; fileRef = OBJ_25 /* LogLevelTests.swift */; };
		OBJ_97 /* LogrServiceTests.swift in Sources */ = {isa = PBXBuildFile; fileRef = OBJ_26 /* LogrServiceTests.swift */; };
		OBJ_98 /* LogrTests.swift in Sources */ = {isa = PBXBuildFile; fileRef = OBJ_27 /* LogrTests.swift */; };
		OBJ_99 /* MessageTests.swift in Sources */ = {isa = PBXBuildFile; fileRef = OBJ_28 /* MessageTests.swift */; };
/* End PBXBuildFile section */

/* Begin PBXContainerItemProxy section */
		F6FFAFFA23E36346009C6661 /* PBXContainerItemProxy */ = {
			isa = PBXContainerItemProxy;
			containerPortal = OBJ_1 /* Project object */;
			proxyType = 1;
			remoteGlobalIDString = "Logr::Logr";
			remoteInfo = Logr;
		};
		F6FFAFFB23E36347009C6661 /* PBXContainerItemProxy */ = {
			isa = PBXContainerItemProxy;
			containerPortal = OBJ_1 /* Project object */;
			proxyType = 1;
			remoteGlobalIDString = "Logr::LogrTests";
			remoteInfo = LogrTests;
		};
/* End PBXContainerItemProxy section */

/* Begin PBXFileReference section */
		"Logr::Logr::Product" /* Logr.framework */ = {isa = PBXFileReference; explicitFileType = wrapper.framework; path = Logr.framework; sourceTree = BUILT_PRODUCTS_DIR; };
		"Logr::LogrTests::Product" /* LogrTests.xctest */ = {isa = PBXFileReference; lastKnownFileType = file; path = LogrTests.xctest; sourceTree = BUILT_PRODUCTS_DIR; };
		OBJ_22 /* ConfigTests.swift */ = {isa = PBXFileReference; lastKnownFileType = sourcecode.swift; path = ConfigTests.swift; sourceTree = "<group>"; };
		OBJ_24 /* OsLogTypeTests.swift */ = {isa = PBXFileReference; lastKnownFileType = sourcecode.swift; path = OsLogTypeTests.swift; sourceTree = "<group>"; };
		OBJ_25 /* LogLevelTests.swift */ = {isa = PBXFileReference; lastKnownFileType = sourcecode.swift; path = LogLevelTests.swift; sourceTree = "<group>"; };
		OBJ_26 /* LogrServiceTests.swift */ = {isa = PBXFileReference; lastKnownFileType = sourcecode.swift; path = LogrServiceTests.swift; sourceTree = "<group>"; };
		OBJ_27 /* LogrTests.swift */ = {isa = PBXFileReference; lastKnownFileType = sourcecode.swift; path = LogrTests.swift; sourceTree = "<group>"; };
		OBJ_28 /* MessageTests.swift */ = {isa = PBXFileReference; lastKnownFileType = sourcecode.swift; path = MessageTests.swift; sourceTree = "<group>"; };
		OBJ_30 /* ConsoleTargetTests.swift */ = {isa = PBXFileReference; lastKnownFileType = sourcecode.swift; path = ConsoleTargetTests.swift; sourceTree = "<group>"; };
		OBJ_32 /* FileTargetTests.swift */ = {isa = PBXFileReference; lastKnownFileType = sourcecode.swift; path = FileTargetTests.swift; sourceTree = "<group>"; };
		OBJ_34 /* LogrServiceMock.swift */ = {isa = PBXFileReference; lastKnownFileType = sourcecode.swift; path = LogrServiceMock.swift; sourceTree = "<group>"; };
		OBJ_35 /* TargetMock.swift */ = {isa = PBXFileReference; lastKnownFileType = sourcecode.swift; path = TargetMock.swift; sourceTree = "<group>"; };
		OBJ_37 /* Config.swift */ = {isa = PBXFileReference; lastKnownFileType = sourcecode.swift; path = Config.swift; sourceTree = "<group>"; };
		OBJ_39 /* OSLogType.swift */ = {isa = PBXFileReference; lastKnownFileType = sourcecode.swift; path = OSLogType.swift; sourceTree = "<group>"; };
		OBJ_40 /* LogLevel.swift */ = {isa = PBXFileReference; lastKnownFileType = sourcecode.swift; path = LogLevel.swift; sourceTree = "<group>"; };
		OBJ_41 /* Logr.swift */ = {isa = PBXFileReference; lastKnownFileType = sourcecode.swift; path = Logr.swift; sourceTree = "<group>"; };
		OBJ_42 /* LogrService.swift */ = {isa = PBXFileReference; lastKnownFileType = sourcecode.swift; path = LogrService.swift; sourceTree = "<group>"; };
		OBJ_43 /* Message.swift */ = {isa = PBXFileReference; lastKnownFileType = sourcecode.swift; path = Message.swift; sourceTree = "<group>"; };
		OBJ_44 /* MetaInfo.swift */ = {isa = PBXFileReference; lastKnownFileType = sourcecode.swift; path = MetaInfo.swift; sourceTree = "<group>"; };
		OBJ_46 /* ConsoleTarget.swift */ = {isa = PBXFileReference; lastKnownFileType = sourcecode.swift; path = ConsoleTarget.swift; sourceTree = "<group>"; };
		OBJ_47 /* ConsoleTargetConfig.swift */ = {isa = PBXFileReference; lastKnownFileType = sourcecode.swift; path = ConsoleTargetConfig.swift; sourceTree = "<group>"; };
		OBJ_48 /* FileTarget.swift */ = {isa = PBXFileReference; lastKnownFileType = sourcecode.swift; path = FileTarget.swift; sourceTree = "<group>"; };
		OBJ_49 /* FileTargetConfig.swift */ = {isa = PBXFileReference; lastKnownFileType = sourcecode.swift; path = FileTargetConfig.swift; sourceTree = "<group>"; };
		OBJ_50 /* Style.swift */ = {isa = PBXFileReference; lastKnownFileType = sourcecode.swift; path = Style.swift; sourceTree = "<group>"; };
		OBJ_51 /* Target.swift */ = {isa = PBXFileReference; lastKnownFileType = sourcecode.swift; path = Target.swift; sourceTree = "<group>"; };
		OBJ_52 /* TimeSpan.swift */ = {isa = PBXFileReference; lastKnownFileType = sourcecode.swift; path = TimeSpan.swift; sourceTree = "<group>"; };
		OBJ_56 /* Demo */ = {isa = PBXFileReference; lastKnownFileType = folder; path = Demo; sourceTree = SOURCE_ROOT; };
		OBJ_57 /* docs */ = {isa = PBXFileReference; lastKnownFileType = folder; path = docs; sourceTree = SOURCE_ROOT; };
		OBJ_6 /* Package.swift */ = {isa = PBXFileReference; explicitFileType = sourcecode.swift; path = Package.swift; sourceTree = "<group>"; };
/* End PBXFileReference section */

/* Begin PBXFrameworksBuildPhase section */
		OBJ_105 /* Frameworks */ = {
			isa = PBXFrameworksBuildPhase;
			buildActionMask = 0;
			files = (
				OBJ_106 /* Logr.framework in Frameworks */,
			);
			runOnlyForDeploymentPostprocessing = 0;
		};
		OBJ_77 /* Frameworks */ = {
			isa = PBXFrameworksBuildPhase;
			buildActionMask = 0;
			files = (
			);
			runOnlyForDeploymentPostprocessing = 0;
		};
/* End PBXFrameworksBuildPhase section */

/* Begin PBXGroup section */
		7635F5B724883C97009C5C91 /* Console */ = {
			isa = PBXGroup;
			children = (
				OBJ_46 /* ConsoleTarget.swift */,
				OBJ_47 /* ConsoleTargetConfig.swift */,
			);
			path = Console;
			sourceTree = "<group>";
		};
		7635F5B824883CA4009C5C91 /* File */ = {
			isa = PBXGroup;
			children = (
				OBJ_48 /* FileTarget.swift */,
				OBJ_49 /* FileTargetConfig.swift */,
			);
			path = File;
			sourceTree = "<group>";
		};
		OBJ_21 /* Tests */ = {
			isa = PBXGroup;
			children = (
				OBJ_22 /* ConfigTests.swift */,
				OBJ_23 /* Extension */,
				OBJ_25 /* LogLevelTests.swift */,
				OBJ_26 /* LogrServiceTests.swift */,
				OBJ_27 /* LogrTests.swift */,
				OBJ_28 /* MessageTests.swift */,
				OBJ_29 /* Target */,
				OBJ_33 /* Util */,
			);
			path = Tests;
			sourceTree = "<group>";
		};
		OBJ_23 /* Extension */ = {
			isa = PBXGroup;
			children = (
				OBJ_24 /* OsLogTypeTests.swift */,
			);
			path = Extension;
			sourceTree = "<group>";
		};
		OBJ_29 /* Target */ = {
			isa = PBXGroup;
			children = (
				OBJ_30 /* ConsoleTargetTests.swift */,
				OBJ_32 /* FileTargetTests.swift */,
			);
			path = Target;
			sourceTree = "<group>";
		};
		OBJ_33 /* Util */ = {
			isa = PBXGroup;
			children = (
				OBJ_34 /* LogrServiceMock.swift */,
				OBJ_35 /* TargetMock.swift */,
			);
			path = Util;
			sourceTree = "<group>";
		};
		OBJ_36 /* Sources */ = {
			isa = PBXGroup;
			children = (
				OBJ_37 /* Config.swift */,
				OBJ_38 /* Extension */,
				OBJ_40 /* LogLevel.swift */,
				OBJ_41 /* Logr.swift */,
				OBJ_42 /* LogrService.swift */,
				OBJ_43 /* Message.swift */,
				OBJ_44 /* MetaInfo.swift */,
				OBJ_45 /* Target */,
			);
			path = Sources;
			sourceTree = "<group>";
		};
		OBJ_38 /* Extension */ = {
			isa = PBXGroup;
			children = (
				OBJ_39 /* OSLogType.swift */,
			);
			path = Extension;
			sourceTree = "<group>";
		};
		OBJ_45 /* Target */ = {
			isa = PBXGroup;
			children = (
				7635F5B824883CA4009C5C91 /* File */,
				7635F5B724883C97009C5C91 /* Console */,
				OBJ_50 /* Style.swift */,
				OBJ_51 /* Target.swift */,
				OBJ_52 /* TimeSpan.swift */,
			);
			path = Target;
			sourceTree = "<group>";
		};
		OBJ_5 = {
			isa = PBXGroup;
			children = (
				OBJ_6 /* Package.swift */,
				OBJ_21 /* Tests */,
				OBJ_36 /* Sources */,
				OBJ_53 /* Products */,
				OBJ_56 /* Demo */,
				OBJ_57 /* docs */,
			);
			sourceTree = "<group>";
		};
		OBJ_53 /* Products */ = {
			isa = PBXGroup;
			children = (
				"Logr::LogrTests::Product" /* LogrTests.xctest */,
				"Logr::Logr::Product" /* Logr.framework */,
			);
			name = Products;
			sourceTree = BUILT_PRODUCTS_DIR;
		};
/* End PBXGroup section */

/* Begin PBXNativeTarget section */
		"Logr::Logr" /* Logr */ = {
			isa = PBXNativeTarget;
			buildConfigurationList = OBJ_59 /* Build configuration list for PBXNativeTarget "Logr" */;
			buildPhases = (
				OBJ_62 /* Sources */,
				OBJ_77 /* Frameworks */,
			);
			buildRules = (
			);
			dependencies = (
			);
			name = Logr;
			productName = Logr;
			productReference = "Logr::Logr::Product" /* Logr.framework */;
			productType = "com.apple.product-type.framework";
		};
		"Logr::LogrTests" /* LogrTests */ = {
			isa = PBXNativeTarget;
			buildConfigurationList = OBJ_90 /* Build configuration list for PBXNativeTarget "LogrTests" */;
			buildPhases = (
				OBJ_93 /* Sources */,
				OBJ_105 /* Frameworks */,
			);
			buildRules = (
			);
			dependencies = (
				OBJ_107 /* PBXTargetDependency */,
			);
			name = LogrTests;
			productName = LogrTests;
			productReference = "Logr::LogrTests::Product" /* LogrTests.xctest */;
			productType = "com.apple.product-type.bundle.unit-test";
		};
		"Logr::SwiftPMPackageDescription" /* LogrPackageDescription */ = {
			isa = PBXNativeTarget;
			buildConfigurationList = OBJ_79 /* Build configuration list for PBXNativeTarget "LogrPackageDescription" */;
			buildPhases = (
				OBJ_82 /* Sources */,
			);
			buildRules = (
			);
			dependencies = (
			);
			name = LogrPackageDescription;
			productName = LogrPackageDescription;
			productType = "com.apple.product-type.framework";
		};
/* End PBXNativeTarget section */

/* Begin PBXProject section */
		OBJ_1 /* Project object */ = {
			isa = PBXProject;
			attributes = {
				LastSwiftMigration = 9999;
				LastUpgradeCheck = 9999;
			};
			buildConfigurationList = OBJ_2 /* Build configuration list for PBXProject "Logr" */;
			compatibilityVersion = "Xcode 3.2";
			developmentRegion = en;
			hasScannedForEncodings = 0;
			knownRegions = (
				en,
			);
			mainGroup = OBJ_5;
			productRefGroup = OBJ_53 /* Products */;
			projectDirPath = "";
			projectRoot = "";
			targets = (
				"Logr::Logr" /* Logr */,
				"Logr::SwiftPMPackageDescription" /* LogrPackageDescription */,
				"Logr::LogrPackageTests::ProductTarget" /* LogrPackageTests */,
				"Logr::LogrTests" /* LogrTests */,
			);
		};
/* End PBXProject section */

/* Begin PBXSourcesBuildPhase section */
		OBJ_62 /* Sources */ = {
			isa = PBXSourcesBuildPhase;
			buildActionMask = 0;
			files = (
				OBJ_63 /* Config.swift in Sources */,
				OBJ_64 /* OSLogType.swift in Sources */,
				OBJ_65 /* LogLevel.swift in Sources */,
				OBJ_66 /* Logr.swift in Sources */,
				OBJ_67 /* LogrService.swift in Sources */,
				OBJ_68 /* Message.swift in Sources */,
				OBJ_69 /* MetaInfo.swift in Sources */,
				OBJ_70 /* ConsoleTarget.swift in Sources */,
				OBJ_71 /* ConsoleTargetConfig.swift in Sources */,
				OBJ_72 /* FileTarget.swift in Sources */,
				OBJ_73 /* FileTargetConfig.swift in Sources */,
				OBJ_74 /* Style.swift in Sources */,
				OBJ_75 /* Target.swift in Sources */,
				OBJ_76 /* TimeSpan.swift in Sources */,
			);
			runOnlyForDeploymentPostprocessing = 0;
		};
		OBJ_82 /* Sources */ = {
			isa = PBXSourcesBuildPhase;
			buildActionMask = 0;
			files = (
				OBJ_83 /* Package.swift in Sources */,
			);
			runOnlyForDeploymentPostprocessing = 0;
		};
		OBJ_93 /* Sources */ = {
			isa = PBXSourcesBuildPhase;
			buildActionMask = 0;
			files = (
				OBJ_94 /* ConfigTests.swift in Sources */,
				OBJ_95 /* OsLogTypeTests.swift in Sources */,
				OBJ_96 /* LogLevelTests.swift in Sources */,
				OBJ_97 /* LogrServiceTests.swift in Sources */,
				OBJ_98 /* LogrTests.swift in Sources */,
				OBJ_99 /* MessageTests.swift in Sources */,
				OBJ_100 /* ConsoleTargetTests.swift in Sources */,
				OBJ_102 /* FileTargetTests.swift in Sources */,
				OBJ_103 /* LogrServiceMock.swift in Sources */,
				OBJ_104 /* TargetMock.swift in Sources */,
			);
			runOnlyForDeploymentPostprocessing = 0;
		};
/* End PBXSourcesBuildPhase section */

/* Begin PBXTargetDependency section */
		OBJ_107 /* PBXTargetDependency */ = {
			isa = PBXTargetDependency;
			target = "Logr::Logr" /* Logr */;
			targetProxy = F6FFAFFA23E36346009C6661 /* PBXContainerItemProxy */;
		};
		OBJ_88 /* PBXTargetDependency */ = {
			isa = PBXTargetDependency;
			target = "Logr::LogrTests" /* LogrTests */;
			targetProxy = F6FFAFFB23E36347009C6661 /* PBXContainerItemProxy */;
		};
/* End PBXTargetDependency section */

/* Begin XCBuildConfiguration section */
		OBJ_3 /* Debug */ = {
			isa = XCBuildConfiguration;
			buildSettings = {
				CLANG_ENABLE_OBJC_ARC = YES;
				COMBINE_HIDPI_IMAGES = YES;
				COPY_PHASE_STRIP = NO;
				DEBUG_INFORMATION_FORMAT = dwarf;
				DYLIB_INSTALL_NAME_BASE = "@rpath";
				ENABLE_NS_ASSERTIONS = YES;
				GCC_OPTIMIZATION_LEVEL = 0;
				GCC_PREPROCESSOR_DEFINITIONS = (
					"$(inherited)",
					"SWIFT_PACKAGE=1",
					"DEBUG=1",
				);
				MACOSX_DEPLOYMENT_TARGET = 10.10;
				ONLY_ACTIVE_ARCH = YES;
				OTHER_SWIFT_FLAGS = "$(inherited) -DXcode";
				PRODUCT_NAME = "$(TARGET_NAME)";
				SDKROOT = macosx;
				SUPPORTED_PLATFORMS = "macosx iphoneos iphonesimulator appletvos appletvsimulator watchos watchsimulator";
				SWIFT_ACTIVE_COMPILATION_CONDITIONS = "$(inherited) SWIFT_PACKAGE DEBUG";
				SWIFT_OPTIMIZATION_LEVEL = "-Onone";
				USE_HEADERMAP = NO;
			};
			name = Debug;
		};
		OBJ_4 /* Release */ = {
			isa = XCBuildConfiguration;
			buildSettings = {
				CLANG_ENABLE_OBJC_ARC = YES;
				COMBINE_HIDPI_IMAGES = YES;
				COPY_PHASE_STRIP = YES;
				DEBUG_INFORMATION_FORMAT = "dwarf-with-dsym";
				DYLIB_INSTALL_NAME_BASE = "@rpath";
				GCC_OPTIMIZATION_LEVEL = s;
				GCC_PREPROCESSOR_DEFINITIONS = (
					"$(inherited)",
					"SWIFT_PACKAGE=1",
				);
				MACOSX_DEPLOYMENT_TARGET = 10.10;
				OTHER_SWIFT_FLAGS = "$(inherited) -DXcode";
				PRODUCT_NAME = "$(TARGET_NAME)";
				SDKROOT = macosx;
				SUPPORTED_PLATFORMS = "macosx iphoneos iphonesimulator appletvos appletvsimulator watchos watchsimulator";
				SWIFT_ACTIVE_COMPILATION_CONDITIONS = "$(inherited) SWIFT_PACKAGE";
				SWIFT_OPTIMIZATION_LEVEL = "-Owholemodule";
				USE_HEADERMAP = NO;
			};
			name = Release;
		};
		OBJ_60 /* Debug */ = {
			isa = XCBuildConfiguration;
			buildSettings = {
				ENABLE_TESTABILITY = YES;
				FRAMEWORK_SEARCH_PATHS = (
					"$(inherited)",
					"$(PLATFORM_DIR)/Developer/Library/Frameworks",
				);
				HEADER_SEARCH_PATHS = "$(inherited)";
				INFOPLIST_FILE = Logr.xcodeproj/Logr_Info.plist;
				IPHONEOS_DEPLOYMENT_TARGET = 9.0;
				LD_RUNPATH_SEARCH_PATHS = "$(inherited) $(TOOLCHAIN_DIR)/usr/lib/swift/macosx";
				MACOSX_DEPLOYMENT_TARGET = 10.12;
				MARKETING_VERSION = 0.6.0;
				OTHER_CFLAGS = "$(inherited)";
				OTHER_LDFLAGS = "$(inherited)";
				OTHER_SWIFT_FLAGS = "$(inherited)";
				PRODUCT_BUNDLE_IDENTIFIER = Logr;
				PRODUCT_MODULE_NAME = "$(TARGET_NAME:c99extidentifier)";
				PRODUCT_NAME = "$(TARGET_NAME:c99extidentifier)";
				SKIP_INSTALL = YES;
				SWIFT_ACTIVE_COMPILATION_CONDITIONS = "$(inherited)";
				SWIFT_VERSION = 5.0;
				TARGET_NAME = Logr;
				TVOS_DEPLOYMENT_TARGET = 9.0;
				WATCHOS_DEPLOYMENT_TARGET = 2.0;
			};
			name = Debug;
		};
		OBJ_61 /* Release */ = {
			isa = XCBuildConfiguration;
			buildSettings = {
				ENABLE_TESTABILITY = YES;
				FRAMEWORK_SEARCH_PATHS = (
					"$(inherited)",
					"$(PLATFORM_DIR)/Developer/Library/Frameworks",
				);
				HEADER_SEARCH_PATHS = "$(inherited)";
				INFOPLIST_FILE = Logr.xcodeproj/Logr_Info.plist;
				IPHONEOS_DEPLOYMENT_TARGET = 9.0;
				LD_RUNPATH_SEARCH_PATHS = "$(inherited) $(TOOLCHAIN_DIR)/usr/lib/swift/macosx";
				MACOSX_DEPLOYMENT_TARGET = 10.12;
				MARKETING_VERSION = 0.6.0;
				OTHER_CFLAGS = "$(inherited)";
				OTHER_LDFLAGS = "$(inherited)";
				OTHER_SWIFT_FLAGS = "$(inherited)";
				PRODUCT_BUNDLE_IDENTIFIER = Logr;
				PRODUCT_MODULE_NAME = "$(TARGET_NAME:c99extidentifier)";
				PRODUCT_NAME = "$(TARGET_NAME:c99extidentifier)";
				SKIP_INSTALL = YES;
				SWIFT_ACTIVE_COMPILATION_CONDITIONS = "$(inherited)";
				SWIFT_VERSION = 5.0;
				TARGET_NAME = Logr;
				TVOS_DEPLOYMENT_TARGET = 9.0;
				WATCHOS_DEPLOYMENT_TARGET = 2.0;
			};
			name = Release;
		};
		OBJ_80 /* Debug */ = {
			isa = XCBuildConfiguration;
			buildSettings = {
				LD = /usr/bin/true;
				OTHER_SWIFT_FLAGS = "-swift-version 5 -I $(TOOLCHAIN_DIR)/usr/lib/swift/pm/4_2 -target x86_64-apple-macosx10.10 -sdk /Applications/Xcode.app/Contents/Developer/Platforms/MacOSX.platform/Developer/SDKs/MacOSX10.15.sdk -package-description-version 5.1";
				SWIFT_VERSION = 5.0;
			};
			name = Debug;
		};
		OBJ_81 /* Release */ = {
			isa = XCBuildConfiguration;
			buildSettings = {
				LD = /usr/bin/true;
				OTHER_SWIFT_FLAGS = "-swift-version 5 -I $(TOOLCHAIN_DIR)/usr/lib/swift/pm/4_2 -target x86_64-apple-macosx10.10 -sdk /Applications/Xcode.app/Contents/Developer/Platforms/MacOSX.platform/Developer/SDKs/MacOSX10.15.sdk -package-description-version 5.1";
				SWIFT_VERSION = 5.0;
			};
			name = Release;
		};
		OBJ_86 /* Debug */ = {
			isa = XCBuildConfiguration;
			buildSettings = {
			};
			name = Debug;
		};
		OBJ_87 /* Release */ = {
			isa = XCBuildConfiguration;
			buildSettings = {
			};
			name = Release;
		};
		OBJ_91 /* Debug */ = {
			isa = XCBuildConfiguration;
			buildSettings = {
				CLANG_ENABLE_MODULES = YES;
				EMBEDDED_CONTENT_CONTAINS_SWIFT = YES;
				FRAMEWORK_SEARCH_PATHS = (
					"$(inherited)",
					"$(PLATFORM_DIR)/Developer/Library/Frameworks",
				);
				HEADER_SEARCH_PATHS = "$(inherited)";
				INFOPLIST_FILE = Logr.xcodeproj/LogrTests_Info.plist;
				IPHONEOS_DEPLOYMENT_TARGET = 9.0;
				LD_RUNPATH_SEARCH_PATHS = "$(inherited) @loader_path/../Frameworks @loader_path/Frameworks";
				MACOSX_DEPLOYMENT_TARGET = 10.12;
				OTHER_CFLAGS = "$(inherited)";
				OTHER_LDFLAGS = "$(inherited)";
				OTHER_SWIFT_FLAGS = "$(inherited)";
				SWIFT_ACTIVE_COMPILATION_CONDITIONS = "$(inherited)";
				SWIFT_VERSION = 5.0;
				TARGET_NAME = LogrTests;
				TVOS_DEPLOYMENT_TARGET = 9.0;
				WATCHOS_DEPLOYMENT_TARGET = 2.0;
			};
			name = Debug;
		};
		OBJ_92 /* Release */ = {
			isa = XCBuildConfiguration;
			buildSettings = {
				CLANG_ENABLE_MODULES = YES;
				EMBEDDED_CONTENT_CONTAINS_SWIFT = YES;
				FRAMEWORK_SEARCH_PATHS = (
					"$(inherited)",
					"$(PLATFORM_DIR)/Developer/Library/Frameworks",
				);
				HEADER_SEARCH_PATHS = "$(inherited)";
				INFOPLIST_FILE = Logr.xcodeproj/LogrTests_Info.plist;
				IPHONEOS_DEPLOYMENT_TARGET = 9.0;
				LD_RUNPATH_SEARCH_PATHS = "$(inherited) @loader_path/../Frameworks @loader_path/Frameworks";
				MACOSX_DEPLOYMENT_TARGET = 10.12;
				OTHER_CFLAGS = "$(inherited)";
				OTHER_LDFLAGS = "$(inherited)";
				OTHER_SWIFT_FLAGS = "$(inherited)";
				SWIFT_ACTIVE_COMPILATION_CONDITIONS = "$(inherited)";
				SWIFT_VERSION = 5.0;
				TARGET_NAME = LogrTests;
				TVOS_DEPLOYMENT_TARGET = 9.0;
				WATCHOS_DEPLOYMENT_TARGET = 2.0;
			};
			name = Release;
		};
/* End XCBuildConfiguration section */

/* Begin XCConfigurationList section */
		OBJ_2 /* Build configuration list for PBXProject "Logr" */ = {
			isa = XCConfigurationList;
			buildConfigurations = (
				OBJ_3 /* Debug */,
				OBJ_4 /* Release */,
			);
			defaultConfigurationIsVisible = 0;
			defaultConfigurationName = Release;
		};
		OBJ_59 /* Build configuration list for PBXNativeTarget "Logr" */ = {
			isa = XCConfigurationList;
			buildConfigurations = (
				OBJ_60 /* Debug */,
				OBJ_61 /* Release */,
			);
			defaultConfigurationIsVisible = 0;
			defaultConfigurationName = Release;
		};
		OBJ_79 /* Build configuration list for PBXNativeTarget "LogrPackageDescription" */ = {
			isa = XCConfigurationList;
			buildConfigurations = (
				OBJ_80 /* Debug */,
				OBJ_81 /* Release */,
			);
			defaultConfigurationIsVisible = 0;
			defaultConfigurationName = Release;
		};
		OBJ_85 /* Build configuration list for PBXAggregateTarget "LogrPackageTests" */ = {
			isa = XCConfigurationList;
			buildConfigurations = (
				OBJ_86 /* Debug */,
				OBJ_87 /* Release */,
			);
			defaultConfigurationIsVisible = 0;
			defaultConfigurationName = Release;
		};
		OBJ_90 /* Build configuration list for PBXNativeTarget "LogrTests" */ = {
			isa = XCConfigurationList;
			buildConfigurations = (
				OBJ_91 /* Debug */,
				OBJ_92 /* Release */,
			);
			defaultConfigurationIsVisible = 0;
			defaultConfigurationName = Release;
		};
/* End XCConfigurationList section */
	};
	rootObject = OBJ_1 /* Project object */;
}
